// !$*UTF8*$!
{
	archiveVersion = 1;
	classes = {
	};
	objectVersion = 56;
	objects = {

/* Begin PBXBuildFile section */
		A6E1562C2C6D206200F24FE4 /* AppDelegate.swift in Sources */ = {isa = PBXBuildFile; fileRef = A6E1562B2C6D206200F24FE4 /* AppDelegate.swift */; };
		A6E1562E2C6D206200F24FE4 /* SceneDelegate.swift in Sources */ = {isa = PBXBuildFile; fileRef = A6E1562D2C6D206200F24FE4 /* SceneDelegate.swift */; };
		A6E156302C6D206200F24FE4 /* ViewController.swift in Sources */ = {isa = PBXBuildFile; fileRef = A6E1562F2C6D206200F24FE4 /* ViewController.swift */; };
		A6E156332C6D206200F24FE4 /* Base in Resources */ = {isa = PBXBuildFile; fileRef = A6E156322C6D206200F24FE4 /* Base */; };
		A6E156352C6D206300F24FE4 /* Assets.xcassets in Resources */ = {isa = PBXBuildFile; fileRef = A6E156342C6D206300F24FE4 /* Assets.xcassets */; };
		A6E156382C6D206300F24FE4 /* Base in Resources */ = {isa = PBXBuildFile; fileRef = A6E156372C6D206300F24FE4 /* Base */; };
		A6E156432C6D206300F24FE4 /* LearnUIKitV2Tests.swift in Sources */ = {isa = PBXBuildFile; fileRef = A6E156422C6D206300F24FE4 /* LearnUIKitV2Tests.swift */; };
		A6E1564D2C6D206300F24FE4 /* LearnUIKitV2UITests.swift in Sources */ = {isa = PBXBuildFile; fileRef = A6E1564C2C6D206300F24FE4 /* LearnUIKitV2UITests.swift */; };
		A6E1564F2C6D206300F24FE4 /* LearnUIKitV2UITestsLaunchTests.swift in Sources */ = {isa = PBXBuildFile; fileRef = A6E1564E2C6D206300F24FE4 /* LearnUIKitV2UITestsLaunchTests.swift */; };
/* End PBXBuildFile section */

/* Begin PBXContainerItemProxy section */
		A6E1563F2C6D206300F24FE4 /* PBXContainerItemProxy */ = {
			isa = PBXContainerItemProxy;
			containerPortal = A6E156202C6D206200F24FE4 /* Project object */;
			proxyType = 1;
			remoteGlobalIDString = A6E156272C6D206200F24FE4;
			remoteInfo = LearnUIKitV2;
		};
		A6E156492C6D206300F24FE4 /* PBXContainerItemProxy */ = {
			isa = PBXContainerItemProxy;
			containerPortal = A6E156202C6D206200F24FE4 /* Project object */;
			proxyType = 1;
			remoteGlobalIDString = A6E156272C6D206200F24FE4;
			remoteInfo = LearnUIKitV2;
		};
/* End PBXContainerItemProxy section */

/* Begin PBXFileReference section */
		A6E156282C6D206200F24FE4 /* LearnUIKitV2.app */ = {isa = PBXFileReference; explicitFileType = wrapper.application; includeInIndex = 0; path = LearnUIKitV2.app; sourceTree = BUILT_PRODUCTS_DIR; };
		A6E1562B2C6D206200F24FE4 /* AppDelegate.swift */ = {isa = PBXFileReference; lastKnownFileType = sourcecode.swift; path = AppDelegate.swift; sourceTree = "<group>"; };
		A6E1562D2C6D206200F24FE4 /* SceneDelegate.swift */ = {isa = PBXFileReference; lastKnownFileType = sourcecode.swift; path = SceneDelegate.swift; sourceTree = "<group>"; };
		A6E1562F2C6D206200F24FE4 /* ViewController.swift */ = {isa = PBXFileReference; lastKnownFileType = sourcecode.swift; path = ViewController.swift; sourceTree = "<group>"; };
		A6E156322C6D206200F24FE4 /* Base */ = {isa = PBXFileReference; lastKnownFileType = file.storyboard; name = Base; path = Base.lproj/Main.storyboard; sourceTree = "<group>"; };
		A6E156342C6D206300F24FE4 /* Assets.xcassets */ = {isa = PBXFileReference; lastKnownFileType = folder.assetcatalog; path = Assets.xcassets; sourceTree = "<group>"; };
		A6E156372C6D206300F24FE4 /* Base */ = {isa = PBXFileReference; lastKnownFileType = file.storyboard; name = Base; path = Base.lproj/LaunchScreen.storyboard; sourceTree = "<group>"; };
		A6E156392C6D206300F24FE4 /* Info.plist */ = {isa = PBXFileReference; lastKnownFileType = text.plist.xml; path = Info.plist; sourceTree = "<group>"; };
		A6E1563E2C6D206300F24FE4 /* LearnUIKitV2Tests.xctest */ = {isa = PBXFileReference; explicitFileType = wrapper.cfbundle; includeInIndex = 0; path = LearnUIKitV2Tests.xctest; sourceTree = BUILT_PRODUCTS_DIR; };
		A6E156422C6D206300F24FE4 /* LearnUIKitV2Tests.swift */ = {isa = PBXFileReference; lastKnownFileType = sourcecode.swift; path = LearnUIKitV2Tests.swift; sourceTree = "<group>"; };
		A6E156482C6D206300F24FE4 /* LearnUIKitV2UITests.xctest */ = {isa = PBXFileReference; explicitFileType = wrapper.cfbundle; includeInIndex = 0; path = LearnUIKitV2UITests.xctest; sourceTree = BUILT_PRODUCTS_DIR; };
		A6E1564C2C6D206300F24FE4 /* LearnUIKitV2UITests.swift */ = {isa = PBXFileReference; lastKnownFileType = sourcecode.swift; path = LearnUIKitV2UITests.swift; sourceTree = "<group>"; };
		A6E1564E2C6D206300F24FE4 /* LearnUIKitV2UITestsLaunchTests.swift */ = {isa = PBXFileReference; lastKnownFileType = sourcecode.swift; path = LearnUIKitV2UITestsLaunchTests.swift; sourceTree = "<group>"; };
/* End PBXFileReference section */

/* Begin PBXFrameworksBuildPhase section */
		A6E156252C6D206200F24FE4 /* Frameworks */ = {
			isa = PBXFrameworksBuildPhase;
			buildActionMask = 2147483647;
			files = (
			);
			runOnlyForDeploymentPostprocessing = 0;
		};
		A6E1563B2C6D206300F24FE4 /* Frameworks */ = {
			isa = PBXFrameworksBuildPhase;
			buildActionMask = 2147483647;
			files = (
			);
			runOnlyForDeploymentPostprocessing = 0;
		};
		A6E156452C6D206300F24FE4 /* Frameworks */ = {
			isa = PBXFrameworksBuildPhase;
			buildActionMask = 2147483647;
			files = (
			);
			runOnlyForDeploymentPostprocessing = 0;
		};
/* End PBXFrameworksBuildPhase section */

/* Begin PBXGroup section */
		A6E1561F2C6D206200F24FE4 = {
			isa = PBXGroup;
			children = (
				A6E1562A2C6D206200F24FE4 /* LearnUIKitV2 */,
				A6E156412C6D206300F24FE4 /* LearnUIKitV2Tests */,
				A6E1564B2C6D206300F24FE4 /* LearnUIKitV2UITests */,
				A6E156292C6D206200F24FE4 /* Products */,
			);
			sourceTree = "<group>";
		};
		A6E156292C6D206200F24FE4 /* Products */ = {
			isa = PBXGroup;
			children = (
				A6E156282C6D206200F24FE4 /* LearnUIKitV2.app */,
				A6E1563E2C6D206300F24FE4 /* LearnUIKitV2Tests.xctest */,
				A6E156482C6D206300F24FE4 /* LearnUIKitV2UITests.xctest */,
			);
			name = Products;
			sourceTree = "<group>";
		};
		A6E1562A2C6D206200F24FE4 /* LearnUIKitV2 */ = {
			isa = PBXGroup;
			children = (
				A6E1562B2C6D206200F24FE4 /* AppDelegate.swift */,
				A6E1562D2C6D206200F24FE4 /* SceneDelegate.swift */,
				A6E1562F2C6D206200F24FE4 /* ViewController.swift */,
				A6E156312C6D206200F24FE4 /* Main.storyboard */,
				A6E156342C6D206300F24FE4 /* Assets.xcassets */,
				A6E156362C6D206300F24FE4 /* LaunchScreen.storyboard */,
				A6E156392C6D206300F24FE4 /* Info.plist */,
			);
			path = LearnUIKitV2;
			sourceTree = "<group>";
		};
		A6E156412C6D206300F24FE4 /* LearnUIKitV2Tests */ = {
			isa = PBXGroup;
			children = (
				A6E156422C6D206300F24FE4 /* LearnUIKitV2Tests.swift */,
			);
			path = LearnUIKitV2Tests;
			sourceTree = "<group>";
		};
		A6E1564B2C6D206300F24FE4 /* LearnUIKitV2UITests */ = {
			isa = PBXGroup;
			children = (
				A6E1564C2C6D206300F24FE4 /* LearnUIKitV2UITests.swift */,
				A6E1564E2C6D206300F24FE4 /* LearnUIKitV2UITestsLaunchTests.swift */,
			);
			path = LearnUIKitV2UITests;
			sourceTree = "<group>";
		};
/* End PBXGroup section */

/* Begin PBXNativeTarget section */
		A6E156272C6D206200F24FE4 /* LearnUIKitV2 */ = {
			isa = PBXNativeTarget;
			buildConfigurationList = A6E156522C6D206300F24FE4 /* Build configuration list for PBXNativeTarget "LearnUIKitV2" */;
			buildPhases = (
				A6E156242C6D206200F24FE4 /* Sources */,
				A6E156252C6D206200F24FE4 /* Frameworks */,
				A6E156262C6D206200F24FE4 /* Resources */,
			);
			buildRules = (
			);
			dependencies = (
			);
			name = LearnUIKitV2;
			productName = LearnUIKitV2;
			productReference = A6E156282C6D206200F24FE4 /* LearnUIKitV2.app */;
			productType = "com.apple.product-type.application";
		};
		A6E1563D2C6D206300F24FE4 /* LearnUIKitV2Tests */ = {
			isa = PBXNativeTarget;
			buildConfigurationList = A6E156552C6D206300F24FE4 /* Build configuration list for PBXNativeTarget "LearnUIKitV2Tests" */;
			buildPhases = (
				A6E1563A2C6D206300F24FE4 /* Sources */,
				A6E1563B2C6D206300F24FE4 /* Frameworks */,
				A6E1563C2C6D206300F24FE4 /* Resources */,
			);
			buildRules = (
			);
			dependencies = (
				A6E156402C6D206300F24FE4 /* PBXTargetDependency */,
			);
			name = LearnUIKitV2Tests;
			productName = LearnUIKitV2Tests;
			productReference = A6E1563E2C6D206300F24FE4 /* LearnUIKitV2Tests.xctest */;
			productType = "com.apple.product-type.bundle.unit-test";
		};
		A6E156472C6D206300F24FE4 /* LearnUIKitV2UITests */ = {
			isa = PBXNativeTarget;
			buildConfigurationList = A6E156582C6D206300F24FE4 /* Build configuration list for PBXNativeTarget "LearnUIKitV2UITests" */;
			buildPhases = (
				A6E156442C6D206300F24FE4 /* Sources */,
				A6E156452C6D206300F24FE4 /* Frameworks */,
				A6E156462C6D206300F24FE4 /* Resources */,
			);
			buildRules = (
			);
			dependencies = (
				A6E1564A2C6D206300F24FE4 /* PBXTargetDependency */,
			);
			name = LearnUIKitV2UITests;
			productName = LearnUIKitV2UITests;
			productReference = A6E156482C6D206300F24FE4 /* LearnUIKitV2UITests.xctest */;
			productType = "com.apple.product-type.bundle.ui-testing";
		};
/* End PBXNativeTarget section */

/* Begin PBXProject section */
		A6E156202C6D206200F24FE4 /* Project object */ = {
			isa = PBXProject;
			attributes = {
				BuildIndependentTargetsInParallel = 1;
				LastSwiftUpdateCheck = 1530;
				LastUpgradeCheck = 1530;
				TargetAttributes = {
					A6E156272C6D206200F24FE4 = {
						CreatedOnToolsVersion = 15.3;
					};
					A6E1563D2C6D206300F24FE4 = {
						CreatedOnToolsVersion = 15.3;
						TestTargetID = A6E156272C6D206200F24FE4;
					};
					A6E156472C6D206300F24FE4 = {
						CreatedOnToolsVersion = 15.3;
						TestTargetID = A6E156272C6D206200F24FE4;
					};
				};
			};
			buildConfigurationList = A6E156232C6D206200F24FE4 /* Build configuration list for PBXProject "LearnUIKitV2" */;
			compatibilityVersion = "Xcode 14.0";
			developmentRegion = en;
			hasScannedForEncodings = 0;
			knownRegions = (
				en,
				Base,
			);
			mainGroup = A6E1561F2C6D206200F24FE4;
			productRefGroup = A6E156292C6D206200F24FE4 /* Products */;
			projectDirPath = "";
			projectRoot = "";
			targets = (
				A6E156272C6D206200F24FE4 /* LearnUIKitV2 */,
				A6E1563D2C6D206300F24FE4 /* LearnUIKitV2Tests */,
				A6E156472C6D206300F24FE4 /* LearnUIKitV2UITests */,
			);
		};
/* End PBXProject section */

/* Begin PBXResourcesBuildPhase section */
		A6E156262C6D206200F24FE4 /* Resources */ = {
			isa = PBXResourcesBuildPhase;
			buildActionMask = 2147483647;
			files = (
				A6E156352C6D206300F24FE4 /* Assets.xcassets in Resources */,
				A6E156382C6D206300F24FE4 /* Base in Resources */,
				A6E156332C6D206200F24FE4 /* Base in Resources */,
			);
			runOnlyForDeploymentPostprocessing = 0;
		};
		A6E1563C2C6D206300F24FE4 /* Resources */ = {
			isa = PBXResourcesBuildPhase;
			buildActionMask = 2147483647;
			files = (
			);
			runOnlyForDeploymentPostprocessing = 0;
		};
		A6E156462C6D206300F24FE4 /* Resources */ = {
			isa = PBXResourcesBuildPhase;
			buildActionMask = 2147483647;
			files = (
			);
			runOnlyForDeploymentPostprocessing = 0;
		};
/* End PBXResourcesBuildPhase section */

/* Begin PBXSourcesBuildPhase section */
		A6E156242C6D206200F24FE4 /* Sources */ = {
			isa = PBXSourcesBuildPhase;
			buildActionMask = 2147483647;
			files = (
				A6E156302C6D206200F24FE4 /* ViewController.swift in Sources */,
				A6E1562C2C6D206200F24FE4 /* AppDelegate.swift in Sources */,
				A6E1562E2C6D206200F24FE4 /* SceneDelegate.swift in Sources */,
			);
			runOnlyForDeploymentPostprocessing = 0;
		};
		A6E1563A2C6D206300F24FE4 /* Sources */ = {
			isa = PBXSourcesBuildPhase;
			buildActionMask = 2147483647;
			files = (
				A6E156432C6D206300F24FE4 /* LearnUIKitV2Tests.swift in Sources */,
			);
			runOnlyForDeploymentPostprocessing = 0;
		};
		A6E156442C6D206300F24FE4 /* Sources */ = {
			isa = PBXSourcesBuildPhase;
			buildActionMask = 2147483647;
			files = (
				A6E1564F2C6D206300F24FE4 /* LearnUIKitV2UITestsLaunchTests.swift in Sources */,
				A6E1564D2C6D206300F24FE4 /* LearnUIKitV2UITests.swift in Sources */,
			);
			runOnlyForDeploymentPostprocessing = 0;
		};
/* End PBXSourcesBuildPhase section */

/* Begin PBXTargetDependency section */
		A6E156402C6D206300F24FE4 /* PBXTargetDependency */ = {
			isa = PBXTargetDependency;
			target = A6E156272C6D206200F24FE4 /* LearnUIKitV2 */;
			targetProxy = A6E1563F2C6D206300F24FE4 /* PBXContainerItemProxy */;
		};
		A6E1564A2C6D206300F24FE4 /* PBXTargetDependency */ = {
			isa = PBXTargetDependency;
			target = A6E156272C6D206200F24FE4 /* LearnUIKitV2 */;
			targetProxy = A6E156492C6D206300F24FE4 /* PBXContainerItemProxy */;
		};
/* End PBXTargetDependency section */

/* Begin PBXVariantGroup section */
		A6E156312C6D206200F24FE4 /* Main.storyboard */ = {
			isa = PBXVariantGroup;
			children = (
				A6E156322C6D206200F24FE4 /* Base */,
			);
			name = Main.storyboard;
			sourceTree = "<group>";
		};
		A6E156362C6D206300F24FE4 /* LaunchScreen.storyboard */ = {
			isa = PBXVariantGroup;
			children = (
				A6E156372C6D206300F24FE4 /* Base */,
			);
			name = LaunchScreen.storyboard;
			sourceTree = "<group>";
		};
/* End PBXVariantGroup section */

/* Begin XCBuildConfiguration section */
		A6E156502C6D206300F24FE4 /* Debug */ = {
			isa = XCBuildConfiguration;
			buildSettings = {
				ALWAYS_SEARCH_USER_PATHS = NO;
				ASSETCATALOG_COMPILER_GENERATE_SWIFT_ASSET_SYMBOL_EXTENSIONS = YES;
				CLANG_ANALYZER_NONNULL = YES;
				CLANG_ANALYZER_NUMBER_OBJECT_CONVERSION = YES_AGGRESSIVE;
				CLANG_CXX_LANGUAGE_STANDARD = "gnu++20";
				CLANG_ENABLE_MODULES = YES;
				CLANG_ENABLE_OBJC_ARC = YES;
				CLANG_ENABLE_OBJC_WEAK = YES;
				CLANG_WARN_BLOCK_CAPTURE_AUTORELEASING = YES;
				CLANG_WARN_BOOL_CONVERSION = YES;
				CLANG_WARN_COMMA = YES;
				CLANG_WARN_CONSTANT_CONVERSION = YES;
				CLANG_WARN_DEPRECATED_OBJC_IMPLEMENTATIONS = YES;
				CLANG_WARN_DIRECT_OBJC_ISA_USAGE = YES_ERROR;
				CLANG_WARN_DOCUMENTATION_COMMENTS = YES;
				CLANG_WARN_EMPTY_BODY = YES;
				CLANG_WARN_ENUM_CONVERSION = YES;
				CLANG_WARN_INFINITE_RECURSION = YES;
				CLANG_WARN_INT_CONVERSION = YES;
				CLANG_WARN_NON_LITERAL_NULL_CONVERSION = YES;
				CLANG_WARN_OBJC_IMPLICIT_RETAIN_SELF = YES;
				CLANG_WARN_OBJC_LITERAL_CONVERSION = YES;
				CLANG_WARN_OBJC_ROOT_CLASS = YES_ERROR;
				CLANG_WARN_QUOTED_INCLUDE_IN_FRAMEWORK_HEADER = YES;
				CLANG_WARN_RANGE_LOOP_ANALYSIS = YES;
				CLANG_WARN_STRICT_PROTOTYPES = YES;
				CLANG_WARN_SUSPICIOUS_MOVE = YES;
				CLANG_WARN_UNGUARDED_AVAILABILITY = YES_AGGRESSIVE;
				CLANG_WARN_UNREACHABLE_CODE = YES;
				CLANG_WARN__DUPLICATE_METHOD_MATCH = YES;
				COPY_PHASE_STRIP = NO;
				DEBUG_INFORMATION_FORMAT = dwarf;
				ENABLE_STRICT_OBJC_MSGSEND = YES;
				ENABLE_TESTABILITY = YES;
				ENABLE_USER_SCRIPT_SANDBOXING = YES;
				GCC_C_LANGUAGE_STANDARD = gnu17;
				GCC_DYNAMIC_NO_PIC = NO;
				GCC_NO_COMMON_BLOCKS = YES;
				GCC_OPTIMIZATION_LEVEL = 0;
				GCC_PREPROCESSOR_DEFINITIONS = (
					"DEBUG=1",
					"$(inherited)",
				);
				GCC_WARN_64_TO_32_BIT_CONVERSION = YES;
				GCC_WARN_ABOUT_RETURN_TYPE = YES_ERROR;
				GCC_WARN_UNDECLARED_SELECTOR = YES;
				GCC_WARN_UNINITIALIZED_AUTOS = YES_AGGRESSIVE;
				GCC_WARN_UNUSED_FUNCTION = YES;
				GCC_WARN_UNUSED_VARIABLE = YES;
				IPHONEOS_DEPLOYMENT_TARGET = 17.4;
				LOCALIZATION_PREFERS_STRING_CATALOGS = YES;
				MTL_ENABLE_DEBUG_INFO = INCLUDE_SOURCE;
				MTL_FAST_MATH = YES;
				ONLY_ACTIVE_ARCH = YES;
				SDKROOT = iphoneos;
				SWIFT_ACTIVE_COMPILATION_CONDITIONS = "DEBUG $(inherited)";
				SWIFT_OPTIMIZATION_LEVEL = "-Onone";
			};
			name = Debug;
		};
		A6E156512C6D206300F24FE4 /* Release */ = {
			isa = XCBuildConfiguration;
			buildSettings = {
				ALWAYS_SEARCH_USER_PATHS = NO;
				ASSETCATALOG_COMPILER_GENERATE_SWIFT_ASSET_SYMBOL_EXTENSIONS = YES;
				CLANG_ANALYZER_NONNULL = YES;
				CLANG_ANALYZER_NUMBER_OBJECT_CONVERSION = YES_AGGRESSIVE;
				CLANG_CXX_LANGUAGE_STANDARD = "gnu++20";
				CLANG_ENABLE_MODULES = YES;
				CLANG_ENABLE_OBJC_ARC = YES;
				CLANG_ENABLE_OBJC_WEAK = YES;
				CLANG_WARN_BLOCK_CAPTURE_AUTORELEASING = YES;
				CLANG_WARN_BOOL_CONVERSION = YES;
				CLANG_WARN_COMMA = YES;
				CLANG_WARN_CONSTANT_CONVERSION = YES;
				CLANG_WARN_DEPRECATED_OBJC_IMPLEMENTATIONS = YES;
				CLANG_WARN_DIRECT_OBJC_ISA_USAGE = YES_ERROR;
				CLANG_WARN_DOCUMENTATION_COMMENTS = YES;
				CLANG_WARN_EMPTY_BODY = YES;
				CLANG_WARN_ENUM_CONVERSION = YES;
				CLANG_WARN_INFINITE_RECURSION = YES;
				CLANG_WARN_INT_CONVERSION = YES;
				CLANG_WARN_NON_LITERAL_NULL_CONVERSION = YES;
				CLANG_WARN_OBJC_IMPLICIT_RETAIN_SELF = YES;
				CLANG_WARN_OBJC_LITERAL_CONVERSION = YES;
				CLANG_WARN_OBJC_ROOT_CLASS = YES_ERROR;
				CLANG_WARN_QUOTED_INCLUDE_IN_FRAMEWORK_HEADER = YES;
				CLANG_WARN_RANGE_LOOP_ANALYSIS = YES;
				CLANG_WARN_STRICT_PROTOTYPES = YES;
				CLANG_WARN_SUSPICIOUS_MOVE = YES;
				CLANG_WARN_UNGUARDED_AVAILABILITY = YES_AGGRESSIVE;
				CLANG_WARN_UNREACHABLE_CODE = YES;
				CLANG_WARN__DUPLICATE_METHOD_MATCH = YES;
				COPY_PHASE_STRIP = NO;
				DEBUG_INFORMATION_FORMAT = "dwarf-with-dsym";
				ENABLE_NS_ASSERTIONS = NO;
				ENABLE_STRICT_OBJC_MSGSEND = YES;
				ENABLE_USER_SCRIPT_SANDBOXING = YES;
				GCC_C_LANGUAGE_STANDARD = gnu17;
				GCC_NO_COMMON_BLOCKS = YES;
				GCC_WARN_64_TO_32_BIT_CONVERSION = YES;
				GCC_WARN_ABOUT_RETURN_TYPE = YES_ERROR;
				GCC_WARN_UNDECLARED_SELECTOR = YES;
				GCC_WARN_UNINITIALIZED_AUTOS = YES_AGGRESSIVE;
				GCC_WARN_UNUSED_FUNCTION = YES;
				GCC_WARN_UNUSED_VARIABLE = YES;
				IPHONEOS_DEPLOYMENT_TARGET = 17.4;
				LOCALIZATION_PREFERS_STRING_CATALOGS = YES;
				MTL_ENABLE_DEBUG_INFO = NO;
				MTL_FAST_MATH = YES;
				SDKROOT = iphoneos;
				SWIFT_COMPILATION_MODE = wholemodule;
				VALIDATE_PRODUCT = YES;
			};
			name = Release;
		};
		A6E156532C6D206300F24FE4 /* Debug */ = {
			isa = XCBuildConfiguration;
			buildSettings = {
				ASSETCATALOG_COMPILER_APPICON_NAME = AppIcon;
				ASSETCATALOG_COMPILER_GLOBAL_ACCENT_COLOR_NAME = AccentColor;
				CODE_SIGN_STYLE = Automatic;
				CURRENT_PROJECT_VERSION = 1;
				DEVELOPMENT_TEAM = T7SD288Q5G;
				GENERATE_INFOPLIST_FILE = YES;
				INFOPLIST_FILE = LearnUIKitV2/Info.plist;
				INFOPLIST_KEY_UIApplicationSupportsIndirectInputEvents = YES;
				INFOPLIST_KEY_UILaunchStoryboardName = LaunchScreen;
				INFOPLIST_KEY_UIMainStoryboardFile = Main;
				INFOPLIST_KEY_UISupportedInterfaceOrientations_iPad = "UIInterfaceOrientationPortrait UIInterfaceOrientationPortraitUpsideDown UIInterfaceOrientationLandscapeLeft UIInterfaceOrientationLandscapeRight";
				INFOPLIST_KEY_UISupportedInterfaceOrientations_iPhone = "UIInterfaceOrientationPortrait UIInterfaceOrientationLandscapeLeft UIInterfaceOrientationLandscapeRight";
				LD_RUNPATH_SEARCH_PATHS = (
					"$(inherited)",
					"@executable_path/Frameworks",
				);
				MARKETING_VERSION = 1.0;
				PRODUCT_BUNDLE_IDENTIFIER = UiKit.LearnUIKitV2;
				PRODUCT_NAME = "$(TARGET_NAME)";
				SWIFT_EMIT_LOC_STRINGS = YES;
				SWIFT_VERSION = 5.0;
				TARGETED_DEVICE_FAMILY = "1,2";
			};
			name = Debug;
		};
		A6E156542C6D206300F24FE4 /* Release */ = {
			isa = XCBuildConfiguration;
			buildSettings = {
				ASSETCATALOG_COMPILER_APPICON_NAME = AppIcon;
				ASSETCATALOG_COMPILER_GLOBAL_ACCENT_COLOR_NAME = AccentColor;
				CODE_SIGN_STYLE = Automatic;
				CURRENT_PROJECT_VERSION = 1;
				DEVELOPMENT_TEAM = T7SD288Q5G;
				GENERATE_INFOPLIST_FILE = YES;
				INFOPLIST_FILE = LearnUIKitV2/Info.plist;
				INFOPLIST_KEY_UIApplicationSupportsIndirectInputEvents = YES;
				INFOPLIST_KEY_UILaunchStoryboardName = LaunchScreen;
				INFOPLIST_KEY_UIMainStoryboardFile = Main;
				INFOPLIST_KEY_UISupportedInterfaceOrientations_iPad = "UIInterfaceOrientationPortrait UIInterfaceOrientationPortraitUpsideDown UIInterfaceOrientationLandscapeLeft UIInterfaceOrientationLandscapeRight";
				INFOPLIST_KEY_UISupportedInterfaceOrientations_iPhone = "UIInterfaceOrientationPortrait UIInterfaceOrientationLandscapeLeft UIInterfaceOrientationLandscapeRight";
				LD_RUNPATH_SEARCH_PATHS = (
					"$(inherited)",
					"@executable_path/Frameworks",
				);
				MARKETING_VERSION = 1.0;
				PRODUCT_BUNDLE_IDENTIFIER = UiKit.LearnUIKitV2;
				PRODUCT_NAME = "$(TARGET_NAME)";
				SWIFT_EMIT_LOC_STRINGS = YES;
				SWIFT_VERSION = 5.0;
				TARGETED_DEVICE_FAMILY = "1,2";
			};
			name = Release;
		};
		A6E156562C6D206300F24FE4 /* Debug */ = {
			isa = XCBuildConfiguration;
			buildSettings = {
				ALWAYS_EMBED_SWIFT_STANDARD_LIBRARIES = YES;
				BUNDLE_LOADER = "$(TEST_HOST)";
				CODE_SIGN_STYLE = Automatic;
				CURRENT_PROJECT_VERSION = 1;
				DEVELOPMENT_TEAM = T7SD288Q5G;
				GENERATE_INFOPLIST_FILE = YES;
				IPHONEOS_DEPLOYMENT_TARGET = 17.4;
				MARKETING_VERSION = 1.0;
				PRODUCT_BUNDLE_IDENTIFIER = UiKit.LearnUIKitV2Tests;
				PRODUCT_NAME = "$(TARGET_NAME)";
				SWIFT_EMIT_LOC_STRINGS = NO;
				SWIFT_VERSION = 5.0;
				TARGETED_DEVICE_FAMILY = "1,2";
				TEST_HOST = "$(BUILT_PRODUCTS_DIR)/LearnUIKitV2.app/$(BUNDLE_EXECUTABLE_FOLDER_PATH)/LearnUIKitV2";
			};
			name = Debug;
		};
		A6E156572C6D206300F24FE4 /* Release */ = {
			isa = XCBuildConfiguration;
			buildSettings = {
				ALWAYS_EMBED_SWIFT_STANDARD_LIBRARIES = YES;
				BUNDLE_LOADER = "$(TEST_HOST)";
				CODE_SIGN_STYLE = Automatic;
				CURRENT_PROJECT_VERSION = 1;
				DEVELOPMENT_TEAM = T7SD288Q5G;
				GENERATE_INFOPLIST_FILE = YES;
				IPHONEOS_DEPLOYMENT_TARGET = 17.4;
				MARKETING_VERSION = 1.0;
				PRODUCT_BUNDLE_IDENTIFIER = UiKit.LearnUIKitV2Tests;
				PRODUCT_NAME = "$(TARGET_NAME)";
				SWIFT_EMIT_LOC_STRINGS = NO;
				SWIFT_VERSION = 5.0;
				TARGETED_DEVICE_FAMILY = "1,2";
				TEST_HOST = "$(BUILT_PRODUCTS_DIR)/LearnUIKitV2.app/$(BUNDLE_EXECUTABLE_FOLDER_PATH)/LearnUIKitV2";
			};
			name = Release;
		};
		A6E156592C6D206300F24FE4 /* Debug */ = {
			isa = XCBuildConfiguration;
			buildSettings = {
				ALWAYS_EMBED_SWIFT_STANDARD_LIBRARIES = YES;
				CODE_SIGN_STYLE = Automatic;
				CURRENT_PROJECT_VERSION = 1;
				DEVELOPMENT_TEAM = T7SD288Q5G;
				GENERATE_INFOPLIST_FILE = YES;
				MARKETING_VERSION = 1.0;
				PRODUCT_BUNDLE_IDENTIFIER = UiKit.LearnUIKitV2UITests;
				PRODUCT_NAME = "$(TARGET_NAME)";
				SWIFT_EMIT_LOC_STRINGS = NO;
				SWIFT_VERSION = 5.0;
				TARGETED_DEVICE_FAMILY = "1,2";
				TEST_TARGET_NAME = LearnUIKitV2;
			};
			name = Debug;
		};
		A6E1565A2C6D206300F24FE4 /* Release */ = {
			isa = XCBuildConfiguration;
			buildSettings = {
				ALWAYS_EMBED_SWIFT_STANDARD_LIBRARIES = YES;
				CODE_SIGN_STYLE = Automatic;
				CURRENT_PROJECT_VERSION = 1;
				DEVELOPMENT_TEAM = T7SD288Q5G;
				GENERATE_INFOPLIST_FILE = YES;
				MARKETING_VERSION = 1.0;
				PRODUCT_BUNDLE_IDENTIFIER = UiKit.LearnUIKitV2UITests;
				PRODUCT_NAME = "$(TARGET_NAME)";
				SWIFT_EMIT_LOC_STRINGS = NO;
				SWIFT_VERSION = 5.0;
				TARGETED_DEVICE_FAMILY = "1,2";
				TEST_TARGET_NAME = LearnUIKitV2;
			};
			name = Release;
		};
/* End XCBuildConfiguration section */

/* Begin XCConfigurationList section */
		A6E156232C6D206200F24FE4 /* Build configuration list for PBXProject "LearnUIKitV2" */ = {
			isa = XCConfigurationList;
			buildConfigurations = (
				A6E156502C6D206300F24FE4 /* Debug */,
				A6E156512C6D206300F24FE4 /* Release */,
			);
			defaultConfigurationIsVisible = 0;
			defaultConfigurationName = Release;
		};
		A6E156522C6D206300F24FE4 /* Build configuration list for PBXNativeTarget "LearnUIKitV2" */ = {
			isa = XCConfigurationList;
			buildConfigurations = (
				A6E156532C6D206300F24FE4 /* Debug */,
				A6E156542C6D206300F24FE4 /* Release */,
			);
			defaultConfigurationIsVisible = 0;
			defaultConfigurationName = Release;
		};
		A6E156552C6D206300F24FE4 /* Build configuration list for PBXNativeTarget "LearnUIKitV2Tests" */ = {
			isa = XCConfigurationList;
			buildConfigurations = (
				A6E156562C6D206300F24FE4 /* Debug */,
				A6E156572C6D206300F24FE4 /* Release */,
			);
			defaultConfigurationIsVisible = 0;
			defaultConfigurationName = Release;
		};
		A6E156582C6D206300F24FE4 /* Build configuration list for PBXNativeTarget "LearnUIKitV2UITests" */ = {
			isa = XCConfigurationList;
			buildConfigurations = (
				A6E156592C6D206300F24FE4 /* Debug */,
				A6E1565A2C6D206300F24FE4 /* Release */,
			);
			defaultConfigurationIsVisible = 0;
			defaultConfigurationName = Release;
		};
/* End XCConfigurationList section */
	};
	rootObject = A6E156202C6D206200F24FE4 /* Project object */;
}
